
Microsoft Visual Studio Solution File, Format Version 12.00
# Visual Studio 15
VisualStudioVersion = 15.0.28307.1209
MinimumVisualStudioVersion = 10.0.40219.1
Project("{FAE04EC0-301F-11D3-BF4B-00C04F79EFBC}") = "Maroto.DesignPatterns.CreationalDesigns.FactoryMethod", "Maroto.DesignPatterns.CreationalDesigns.FactoryMethod\Maroto.DesignPatterns.CreationalDesigns.FactoryMethod.csproj", "{E3576606-BD8C-49A9-A32D-D26FCE98CA62}"
EndProject
Project("{FAE04EC0-301F-11D3-BF4B-00C04F79EFBC}") = "Maroto.DesignPatterns.CreationalDesigns.FactoryMethod.Console", "Maroto.DesignPatterns.CreationalDesigns.FactoryMethod.Console\Maroto.DesignPatterns.CreationalDesigns.FactoryMethod.Console.csproj", "{AC48B020-3C09-469B-8C4F-1F1A2511FFF2}"
EndProject
Project("{2150E333-8FDC-42A3-9474-1A3956D46DE8}") = "FactoryMethod", "FactoryMethod", "{E10590DC-479E-467A-A44B-4F9D0B75A2D3}"
	ProjectSection(SolutionItems) = preProject
		Explicacion patron FactoryMethod.txt = Explicacion patron FactoryMethod.txt
	EndProjectSection
EndProject
Project("{FAE04EC0-301F-11D3-BF4B-00C04F79EFBC}") = "Maroto.DesignPatterns.TestSupport", "Maroto.DesignPatterns.TestSupport\Maroto.DesignPatterns.TestSupport.csproj", "{62CF6CB9-9A0E-4100-954D-4DC85AD6FAE7}"
EndProject
Project("{FAE04EC0-301F-11D3-BF4B-00C04F79EFBC}") = "Maroto.DesignPatterns.CreationalDesigns.FactoryMethod.UnitTests", "Maroto.DesignPatterns.CreationalDesigns.FactoryMethod.UnitTests\Maroto.DesignPatterns.CreationalDesigns.FactoryMethod.UnitTests.csproj", "{77D076C0-ED3D-4F6D-9E23-1C5BDA346B94}"
EndProject
Project("{2150E333-8FDC-42A3-9474-1A3956D46DE8}") = "Abstract Factory", "Abstract Factory", "{4BAE85C1-B00D-44B7-A470-A3A2DF6BDAE2}"
	ProjectSection(SolutionItems) = preProject
		Explicación patron AbstractFactory.txt = Explicación patron AbstractFactory.txt
	EndProjectSection
EndProject
Project("{FAE04EC0-301F-11D3-BF4B-00C04F79EFBC}") = "Maroto.DesignPatterns.CreationalDesigns.AbstractFactory", "Maroto.DesignPatterns.CreationalDesigns.AbstractFactory\Maroto.DesignPatterns.CreationalDesigns.AbstractFactory.csproj", "{DBCC172C-20A6-49CA-8076-13A70F4C3E48}"
EndProject
Project("{FAE04EC0-301F-11D3-BF4B-00C04F79EFBC}") = "Maroto.DesignPatterns.CreationalDesigns.AbstractFactory.Console", "Maroto.DesignPatterns.CreationalDesigns.AbstractFactory.Console\Maroto.DesignPatterns.CreationalDesigns.AbstractFactory.Console.csproj", "{6C88B332-7CB3-4F0D-9D9C-777602220F86}"
EndProject
Project("{FAE04EC0-301F-11D3-BF4B-00C04F79EFBC}") = "Maroto.DesignPatterns.CreationalDesigns.AbstractFactory.UnitTests", "Maroto.DesignPatterns.CreationalDesigns.AbstractFactory.UnitTests\Maroto.DesignPatterns.CreationalDesigns.AbstractFactory.UnitTests.csproj", "{675E5851-0E1E-4BAE-9382-71A37F6F6B94}"
EndProject
Project("{2150E333-8FDC-42A3-9474-1A3956D46DE8}") = "Builder", "Builder", "{82A63827-71B7-4DE8-A83C-7E36C49329C3}"
EndProject
Project("{FAE04EC0-301F-11D3-BF4B-00C04F79EFBC}") = "Maroto.DesignPatterns.CreationalDesigns.Builder", "Maroto.DesignPatterns.CreationalDesigns.Builder\Maroto.DesignPatterns.CreationalDesigns.Builder.csproj", "{93871ED2-7743-4344-B3BF-797A0C48DE5F}"
EndProject
Project("{FAE04EC0-301F-11D3-BF4B-00C04F79EFBC}") = "Maroto.DesignPatterns.CreationalDesigns.Builder.Console", "Maroto.DesignPatterns.CreationalDesigns.Builder.Console\Maroto.DesignPatterns.CreationalDesigns.Builder.Console.csproj", "{BAD22224-4EC0-40E2-B4A4-D3C9AAFE0940}"
EndProject
Project("{FAE04EC0-301F-11D3-BF4B-00C04F79EFBC}") = "Maroto.DesignPatterns.CreationalDesigns.Builder.UnitTests", "Maroto.DesignPatterns.CreationalDesigns.Builder.UnitTests\Maroto.DesignPatterns.CreationalDesigns.Builder.UnitTests.csproj", "{BE5005CD-59BB-42DA-9563-2E29DBCE1C8F}"
EndProject
Global
	GlobalSection(SolutionConfigurationPlatforms) = preSolution
		Debug|Any CPU = Debug|Any CPU
		Release|Any CPU = Release|Any CPU
	EndGlobalSection
	GlobalSection(ProjectConfigurationPlatforms) = postSolution
		{E3576606-BD8C-49A9-A32D-D26FCE98CA62}.Debug|Any CPU.ActiveCfg = Debug|Any CPU
		{E3576606-BD8C-49A9-A32D-D26FCE98CA62}.Debug|Any CPU.Build.0 = Debug|Any CPU
		{E3576606-BD8C-49A9-A32D-D26FCE98CA62}.Release|Any CPU.ActiveCfg = Release|Any CPU
		{E3576606-BD8C-49A9-A32D-D26FCE98CA62}.Release|Any CPU.Build.0 = Release|Any CPU
		{AC48B020-3C09-469B-8C4F-1F1A2511FFF2}.Debug|Any CPU.ActiveCfg = Debug|Any CPU
		{AC48B020-3C09-469B-8C4F-1F1A2511FFF2}.Debug|Any CPU.Build.0 = Debug|Any CPU
		{AC48B020-3C09-469B-8C4F-1F1A2511FFF2}.Release|Any CPU.ActiveCfg = Release|Any CPU
		{AC48B020-3C09-469B-8C4F-1F1A2511FFF2}.Release|Any CPU.Build.0 = Release|Any CPU
		{62CF6CB9-9A0E-4100-954D-4DC85AD6FAE7}.Debug|Any CPU.ActiveCfg = Debug|Any CPU
		{62CF6CB9-9A0E-4100-954D-4DC85AD6FAE7}.Debug|Any CPU.Build.0 = Debug|Any CPU
		{62CF6CB9-9A0E-4100-954D-4DC85AD6FAE7}.Release|Any CPU.ActiveCfg = Release|Any CPU
		{62CF6CB9-9A0E-4100-954D-4DC85AD6FAE7}.Release|Any CPU.Build.0 = Release|Any CPU
		{77D076C0-ED3D-4F6D-9E23-1C5BDA346B94}.Debug|Any CPU.ActiveCfg = Debug|Any CPU
		{77D076C0-ED3D-4F6D-9E23-1C5BDA346B94}.Debug|Any CPU.Build.0 = Debug|Any CPU
		{77D076C0-ED3D-4F6D-9E23-1C5BDA346B94}.Release|Any CPU.ActiveCfg = Release|Any CPU
		{77D076C0-ED3D-4F6D-9E23-1C5BDA346B94}.Release|Any CPU.Build.0 = Release|Any CPU
		{DBCC172C-20A6-49CA-8076-13A70F4C3E48}.Debug|Any CPU.ActiveCfg = Debug|Any CPU
		{DBCC172C-20A6-49CA-8076-13A70F4C3E48}.Debug|Any CPU.Build.0 = Debug|Any CPU
		{DBCC172C-20A6-49CA-8076-13A70F4C3E48}.Release|Any CPU.ActiveCfg = Release|Any CPU
		{DBCC172C-20A6-49CA-8076-13A70F4C3E48}.Release|Any CPU.Build.0 = Release|Any CPU
		{6C88B332-7CB3-4F0D-9D9C-777602220F86}.Debug|Any CPU.ActiveCfg = Debug|Any CPU
		{6C88B332-7CB3-4F0D-9D9C-777602220F86}.Debug|Any CPU.Build.0 = Debug|Any CPU
		{6C88B332-7CB3-4F0D-9D9C-777602220F86}.Release|Any CPU.ActiveCfg = Release|Any CPU
		{6C88B332-7CB3-4F0D-9D9C-777602220F86}.Release|Any CPU.Build.0 = Release|Any CPU
		{675E5851-0E1E-4BAE-9382-71A37F6F6B94}.Debug|Any CPU.ActiveCfg = Debug|Any CPU
		{675E5851-0E1E-4BAE-9382-71A37F6F6B94}.Debug|Any CPU.Build.0 = Debug|Any CPU
		{675E5851-0E1E-4BAE-9382-71A37F6F6B94}.Release|Any CPU.ActiveCfg = Release|Any CPU
		{675E5851-0E1E-4BAE-9382-71A37F6F6B94}.Release|Any CPU.Build.0 = Release|Any CPU
		{93871ED2-7743-4344-B3BF-797A0C48DE5F}.Debug|Any CPU.ActiveCfg = Debug|Any CPU
		{93871ED2-7743-4344-B3BF-797A0C48DE5F}.Debug|Any CPU.Build.0 = Debug|Any CPU
		{93871ED2-7743-4344-B3BF-797A0C48DE5F}.Release|Any CPU.ActiveCfg = Release|Any CPU
		{93871ED2-7743-4344-B3BF-797A0C48DE5F}.Release|Any CPU.Build.0 = Release|Any CPU
		{BAD22224-4EC0-40E2-B4A4-D3C9AAFE0940}.Debug|Any CPU.ActiveCfg = Debug|Any CPU
		{BAD22224-4EC0-40E2-B4A4-D3C9AAFE0940}.Debug|Any CPU.Build.0 = Debug|Any CPU
		{BAD22224-4EC0-40E2-B4A4-D3C9AAFE0940}.Release|Any CPU.ActiveCfg = Release|Any CPU
		{BAD22224-4EC0-40E2-B4A4-D3C9AAFE0940}.Release|Any CPU.Build.0 = Release|Any CPU
		{BE5005CD-59BB-42DA-9563-2E29DBCE1C8F}.Debug|Any CPU.ActiveCfg = Debug|Any CPU
		{BE5005CD-59BB-42DA-9563-2E29DBCE1C8F}.Debug|Any CPU.Build.0 = Debug|Any CPU
		{BE5005CD-59BB-42DA-9563-2E29DBCE1C8F}.Release|Any CPU.ActiveCfg = Release|Any CPU
		{BE5005CD-59BB-42DA-9563-2E29DBCE1C8F}.Release|Any CPU.Build.0 = Release|Any CPU
	EndGlobalSection
	GlobalSection(SolutionProperties) = preSolution
		HideSolutionNode = FALSE
	EndGlobalSection
	GlobalSection(NestedProjects) = preSolution
		{E3576606-BD8C-49A9-A32D-D26FCE98CA62} = {E10590DC-479E-467A-A44B-4F9D0B75A2D3}
		{AC48B020-3C09-469B-8C4F-1F1A2511FFF2} = {E10590DC-479E-467A-A44B-4F9D0B75A2D3}
		{77D076C0-ED3D-4F6D-9E23-1C5BDA346B94} = {E10590DC-479E-467A-A44B-4F9D0B75A2D3}
		{DBCC172C-20A6-49CA-8076-13A70F4C3E48} = {4BAE85C1-B00D-44B7-A470-A3A2DF6BDAE2}
		{6C88B332-7CB3-4F0D-9D9C-777602220F86} = {4BAE85C1-B00D-44B7-A470-A3A2DF6BDAE2}
		{675E5851-0E1E-4BAE-9382-71A37F6F6B94} = {4BAE85C1-B00D-44B7-A470-A3A2DF6BDAE2}
		{93871ED2-7743-4344-B3BF-797A0C48DE5F} = {82A63827-71B7-4DE8-A83C-7E36C49329C3}
		{BAD22224-4EC0-40E2-B4A4-D3C9AAFE0940} = {82A63827-71B7-4DE8-A83C-7E36C49329C3}
		{BE5005CD-59BB-42DA-9563-2E29DBCE1C8F} = {82A63827-71B7-4DE8-A83C-7E36C49329C3}
	EndGlobalSection
	GlobalSection(ExtensibilityGlobals) = postSolution
		SolutionGuid = {F6C8F42E-68F5-4DFD-A985-4D12E3DA4689}
	EndGlobalSection
EndGlobal
